// !$*UTF8*$!
{
	archiveVersion = 1;
	classes = {
	};
	objectVersion = 46;
	objects = {

/* Begin PBXBuildFile section */
		22C6ADE2199F2B3F00D0D5AC /* AppDelegate.swift in Sources */ = {isa = PBXBuildFile; fileRef = 22C6ADE1199F2B3F00D0D5AC /* AppDelegate.swift */; };
		22C6ADE4199F2B3F00D0D5AC /* ViewController.swift in Sources */ = {isa = PBXBuildFile; fileRef = 22C6ADE3199F2B3F00D0D5AC /* ViewController.swift */; };
		22C6ADE7199F2B3F00D0D5AC /* Main.storyboard in Resources */ = {isa = PBXBuildFile; fileRef = 22C6ADE5199F2B3F00D0D5AC /* Main.storyboard */; };
		22C6ADE9199F2B3F00D0D5AC /* Images.xcassets in Resources */ = {isa = PBXBuildFile; fileRef = 22C6ADE8199F2B3F00D0D5AC /* Images.xcassets */; };
		22C6ADF5199F2B3F00D0D5AC /* editTableTests.swift in Sources */ = {isa = PBXBuildFile; fileRef = 22C6ADF4199F2B3F00D0D5AC /* editTableTests.swift */; };
/* End PBXBuildFile section */

/* Begin PBXContainerItemProxy section */
		22C6ADEF199F2B3F00D0D5AC /* PBXContainerItemProxy */ = {
			isa = PBXContainerItemProxy;
			containerPortal = 22C6ADD4199F2B3F00D0D5AC /* Project object */;
			proxyType = 1;
			remoteGlobalIDString = 22C6ADDB199F2B3F00D0D5AC;
			remoteInfo = editTable;
		};
/* End PBXContainerItemProxy section */

/* Begin PBXFileReference section */
		22C6ADDC199F2B3F00D0D5AC /* editTable.app */ = {isa = PBXFileReference; explicitFileType = wrapper.application; includeInIndex = 0; path = editTable.app; sourceTree = BUILT_PRODUCTS_DIR; };
		22C6ADE0199F2B3F00D0D5AC /* Info.plist */ = {isa = PBXFileReference; lastKnownFileType = text.plist.xml; path = Info.plist; sourceTree = "<group>"; };
		22C6ADE1199F2B3F00D0D5AC /* AppDelegate.swift */ = {isa = PBXFileReference; lastKnownFileType = sourcecode.swift; path = AppDelegate.swift; sourceTree = "<group>"; };
		22C6ADE3199F2B3F00D0D5AC /* ViewController.swift */ = {isa = PBXFileReference; lastKnownFileType = sourcecode.swift; path = ViewController.swift; sourceTree = "<group>"; };
		22C6ADE6199F2B3F00D0D5AC /* Base */ = {isa = PBXFileReference; lastKnownFileType = file.storyboard; name = Base; path = Base.lproj/Main.storyboard; sourceTree = "<group>"; };
		22C6ADE8199F2B3F00D0D5AC /* Images.xcassets */ = {isa = PBXFileReference; lastKnownFileType = folder.assetcatalog; path = Images.xcassets; sourceTree = "<group>"; };
		22C6ADEE199F2B3F00D0D5AC /* editTableTests.xctest */ = {isa = PBXFileReference; explicitFileType = wrapper.cfbundle; includeInIndex = 0; path = editTableTests.xctest; sourceTree = BUILT_PRODUCTS_DIR; };
		22C6ADF3199F2B3F00D0D5AC /* Info.plist */ = {isa = PBXFileReference; lastKnownFileType = text.plist.xml; path = Info.plist; sourceTree = "<group>"; };
		22C6ADF4199F2B3F00D0D5AC /* editTableTests.swift */ = {isa = PBXFileReference; lastKnownFileType = sourcecode.swift; path = editTableTests.swift; sourceTree = "<group>"; };
/* End PBXFileReference section */

/* Begin PBXFrameworksBuildPhase section */
		22C6ADD9199F2B3F00D0D5AC /* Frameworks */ = {
			isa = PBXFrameworksBuildPhase;
			buildActionMask = 2147483647;
			files = (
			);
			runOnlyForDeploymentPostprocessing = 0;
		};
		22C6ADEB199F2B3F00D0D5AC /* Frameworks */ = {
			isa = PBXFrameworksBuildPhase;
			buildActionMask = 2147483647;
			files = (
			);
			runOnlyForDeploymentPostprocessing = 0;
		};
/* End PBXFrameworksBuildPhase section */

/* Begin PBXGroup section */
		22C6ADD3199F2B3F00D0D5AC = {
			isa = PBXGroup;
			children = (
				22C6ADDE199F2B3F00D0D5AC /* editTable */,
				22C6ADF1199F2B3F00D0D5AC /* editTableTests */,
				22C6ADDD199F2B3F00D0D5AC /* Products */,
			);
			sourceTree = "<group>";
		};
		22C6ADDD199F2B3F00D0D5AC /* Products */ = {
			isa = PBXGroup;
			children = (
				22C6ADDC199F2B3F00D0D5AC /* editTable.app */,
				22C6ADEE199F2B3F00D0D5AC /* editTableTests.xctest */,
			);
			name = Products;
			sourceTree = "<group>";
		};
		22C6ADDE199F2B3F00D0D5AC /* editTable */ = {
			isa = PBXGroup;
			children = (
				22C6ADE1199F2B3F00D0D5AC /* AppDelegate.swift */,
				22C6ADE3199F2B3F00D0D5AC /* ViewController.swift */,
				22C6ADE5199F2B3F00D0D5AC /* Main.storyboard */,
				22C6ADE8199F2B3F00D0D5AC /* Images.xcassets */,
				22C6ADDF199F2B3F00D0D5AC /* Supporting Files */,
			);
			path = editTable;
			sourceTree = "<group>";
		};
		22C6ADDF199F2B3F00D0D5AC /* Supporting Files */ = {
			isa = PBXGroup;
			children = (
				22C6ADE0199F2B3F00D0D5AC /* Info.plist */,
			);
			name = "Supporting Files";
			sourceTree = "<group>";
		};
		22C6ADF1199F2B3F00D0D5AC /* editTableTests */ = {
			isa = PBXGroup;
			children = (
				22C6ADF4199F2B3F00D0D5AC /* editTableTests.swift */,
				22C6ADF2199F2B3F00D0D5AC /* Supporting Files */,
			);
			path = editTableTests;
			sourceTree = "<group>";
		};
		22C6ADF2199F2B3F00D0D5AC /* Supporting Files */ = {
			isa = PBXGroup;
			children = (
				22C6ADF3199F2B3F00D0D5AC /* Info.plist */,
			);
			name = "Supporting Files";
			sourceTree = "<group>";
		};
/* End PBXGroup section */

/* Begin PBXNativeTarget section */
		22C6ADDB199F2B3F00D0D5AC /* editTable */ = {
			isa = PBXNativeTarget;
			buildConfigurationList = 22C6ADF8199F2B3F00D0D5AC /* Build configuration list for PBXNativeTarget "editTable" */;
			buildPhases = (
				22C6ADD8199F2B3F00D0D5AC /* Sources */,
				22C6ADD9199F2B3F00D0D5AC /* Frameworks */,
				22C6ADDA199F2B3F00D0D5AC /* Resources */,
			);
			buildRules = (
			);
			dependencies = (
			);
			name = editTable;
			productName = editTable;
			productReference = 22C6ADDC199F2B3F00D0D5AC /* editTable.app */;
			productType = "com.apple.product-type.application";
		};
		22C6ADED199F2B3F00D0D5AC /* editTableTests */ = {
			isa = PBXNativeTarget;
			buildConfigurationList = 22C6ADFB199F2B3F00D0D5AC /* Build configuration list for PBXNativeTarget "editTableTests" */;
			buildPhases = (
				22C6ADEA199F2B3F00D0D5AC /* Sources */,
				22C6ADEB199F2B3F00D0D5AC /* Frameworks */,
				22C6ADEC199F2B3F00D0D5AC /* Resources */,
			);
			buildRules = (
			);
			dependencies = (
				22C6ADF0199F2B3F00D0D5AC /* PBXTargetDependency */,
			);
			name = editTableTests;
			productName = editTableTests;
			productReference = 22C6ADEE199F2B3F00D0D5AC /* editTableTests.xctest */;
			productType = "com.apple.product-type.bundle.unit-test";
		};
/* End PBXNativeTarget section */

/* Begin PBXProject section */
		22C6ADD4199F2B3F00D0D5AC /* Project object */ = {
			isa = PBXProject;
			attributes = {
				LastUpgradeCheck = 0600;
				ORGANIZATIONNAME = Vincent;
				TargetAttributes = {
					22C6ADDB199F2B3F00D0D5AC = {
						CreatedOnToolsVersion = 6.0;
					};
					22C6ADED199F2B3F00D0D5AC = {
						CreatedOnToolsVersion = 6.0;
						TestTargetID = 22C6ADDB199F2B3F00D0D5AC;
					};
				};
			};
			buildConfigurationList = 22C6ADD7199F2B3F00D0D5AC /* Build configuration list for PBXProject "editTable" */;
			compatibilityVersion = "Xcode 3.2";
			developmentRegion = English;
			hasScannedForEncodings = 0;
			knownRegions = (
				en,
				Base,
			);
			mainGroup = 22C6ADD3199F2B3F00D0D5AC;
			productRefGroup = 22C6ADDD199F2B3F00D0D5AC /* Products */;
			projectDirPath = "";
			projectRoot = "";
			targets = (
				22C6ADDB199F2B3F00D0D5AC /* editTable */,
				22C6ADED199F2B3F00D0D5AC /* editTableTests */,
			);
		};
/* End PBXProject section */

/* Begin PBXResourcesBuildPhase section */
		22C6ADDA199F2B3F00D0D5AC /* Resources */ = {
			isa = PBXResourcesBuildPhase;
			buildActionMask = 2147483647;
			files = (
				22C6ADE7199F2B3F00D0D5AC /* Main.storyboard in Resources */,
				22C6ADE9199F2B3F00D0D5AC /* Images.xcassets in Resources */,
			);
			runOnlyForDeploymentPostprocessing = 0;
		};
		22C6ADEC199F2B3F00D0D5AC /* Resources */ = {
			isa = PBXResourcesBuildPhase;
			buildActionMask = 2147483647;
			files = (
			);
			runOnlyForDeploymentPostprocessing = 0;
		};
/* End PBXResourcesBuildPhase section */

/* Begin PBXSourcesBuildPhase section */
		22C6ADD8199F2B3F00D0D5AC /* Sources */ = {
			isa = PBXSourcesBuildPhase;
			buildActionMask = 2147483647;
			files = (
				22C6ADE4199F2B3F00D0D5AC /* ViewController.swift in Sources */,
				22C6ADE2199F2B3F00D0D5AC /* AppDelegate.swift in Sources */,
			);
			runOnlyForDeploymentPostprocessing = 0;
		};
		22C6ADEA199F2B3F00D0D5AC /* Sources */ = {
			isa = PBXSourcesBuildPhase;
			buildActionMask = 2147483647;
			files = (
				22C6ADF5199F2B3F00D0D5AC /* editTableTests.swift in Sources */,
			);
			runOnlyForDeploymentPostprocessing = 0;
		};
/* End PBXSourcesBuildPhase section */

/* Begin PBXTargetDependency section */
		22C6ADF0199F2B3F00D0D5AC /* PBXTargetDependency */ = {
			isa = PBXTargetDependency;
			target = 22C6ADDB199F2B3F00D0D5AC /* editTable */;
			targetProxy = 22C6ADEF199F2B3F00D0D5AC /* PBXContainerItemProxy */;
		};
/* End PBXTargetDependency section */

/* Begin PBXVariantGroup section */
		22C6ADE5199F2B3F00D0D5AC /* Main.storyboard */ = {
			isa = PBXVariantGroup;
			children = (
				22C6ADE6199F2B3F00D0D5AC /* Base */,
			);
			name = Main.storyboard;
			sourceTree = "<group>";
		};
/* End PBXVariantGroup section */

/* Begin XCBuildConfiguration section */
		22C6ADF6199F2B3F00D0D5AC /* Debug */ = {
			isa = XCBuildConfiguration;
			buildSettings = {
				ALWAYS_SEARCH_USER_PATHS = NO;
				CLANG_CXX_LANGUAGE_STANDARD = "gnu++0x";
				CLANG_CXX_LIBRARY = "libc++";
				CLANG_ENABLE_MODULES = YES;
				CLANG_ENABLE_OBJC_ARC = YES;
				CLANG_WARN_BOOL_CONVERSION = YES;
				CLANG_WARN_CONSTANT_CONVERSION = YES;
				CLANG_WARN_DIRECT_OBJC_ISA_USAGE = YES_ERROR;
				CLANG_WARN_EMPTY_BODY = YES;
				CLANG_WARN_ENUM_CONVERSION = YES;
				CLANG_WARN_INT_CONVERSION = YES;
				CLANG_WARN_OBJC_ROOT_CLASS = YES_ERROR;
				CLANG_WARN_UNREACHABLE_CODE = YES;
				CLANG_WARN__DUPLICATE_METHOD_MATCH = YES;
				"CODE_SIGN_IDENTITY[sdk=iphoneos*]" = "iPhone Developer";
				COPY_PHASE_STRIP = NO;
				ENABLE_STRICT_OBJC_MSGSEND = YES;
				GCC_C_LANGUAGE_STANDARD = gnu99;
				GCC_DYNAMIC_NO_PIC = NO;
				GCC_OPTIMIZATION_LEVEL = 0;
				GCC_PREPROCESSOR_DEFINITIONS = (
					"DEBUG=1",
					"$(inherited)",
				);
				GCC_SYMBOLS_PRIVATE_EXTERN = NO;
				GCC_WARN_64_TO_32_BIT_CONVERSION = YES;
				GCC_WARN_ABOUT_RETURN_TYPE = YES_ERROR;
				GCC_WARN_UNDECLARED_SELECTOR = YES;
				GCC_WARN_UNINITIALIZED_AUTOS = YES_AGGRESSIVE;
				GCC_WARN_UNUSED_FUNCTION = YES;
				GCC_WARN_UNUSED_VARIABLE = YES;
				IPHONEOS_DEPLOYMENT_TARGET = 7.1;
				MTL_ENABLE_DEBUG_INFO = YES;
				ONLY_ACTIVE_ARCH = YES;
				SDKROOT = iphoneos;
				SWIFT_OPTIMIZATION_LEVEL = "-Onone";
			};
			name = Debug;
		};
		22C6ADF7199F2B3F00D0D5AC /* Release */ = {
			isa = XCBuildConfiguration;
			buildSettings = {
				ALWAYS_SEARCH_USER_PATHS = NO;
				CLANG_CXX_LANGUAGE_STANDARD = "gnu++0x";
				CLANG_CXX_LIBRARY = "libc++";
				CLANG_ENABLE_MODULES = YES;
				CLANG_ENABLE_OBJC_ARC = YES;
				CLANG_WARN_BOOL_CONVERSION = YES;
				CLANG_WARN_CONSTANT_CONVERSION = YES;
				CLANG_WARN_DIRECT_OBJC_ISA_USAGE = YES_ERROR;
				CLANG_WARN_EMPTY_BODY = YES;
				CLANG_WARN_ENUM_CONVERSION = YES;
				CLANG_WARN_INT_CONVERSION = YES;
				CLANG_WARN_OBJC_ROOT_CLASS = YES_ERROR;
				CLANG_WARN_UNREACHABLE_CODE = YES;
				CLANG_WARN__DUPLICATE_METHOD_MATCH = YES;
				"CODE_SIGN_IDENTITY[sdk=iphoneos*]" = "iPhone Developer";
				COPY_PHASE_STRIP = YES;
				ENABLE_NS_ASSERTIONS = NO;
				ENABLE_STRICT_OBJC_MSGSEND = YES;
				GCC_C_LANGUAGE_STANDARD = gnu99;
				GCC_WARN_64_TO_32_BIT_CONVERSION = YES;
				GCC_WARN_ABOUT_RETURN_TYPE = YES_ERROR;
				GCC_WARN_UNDECLARED_SELECTOR = YES;
				GCC_WARN_UNINITIALIZED_AUTOS = YES_AGGRESSIVE;
				GCC_WARN_UNUSED_FUNCTION = YES;
				GCC_WARN_UNUSED_VARIABLE = YES;
				IPHONEOS_DEPLOYMENT_TARGET = 7.1;
				MTL_ENABLE_DEBUG_INFO = NO;
				SDKROOT = iphoneos;
				VALIDATE_PRODUCT = YES;
			};
			name = Release;
		};
		22C6ADF9199F2B3F00D0D5AC /* Debug */ = {
			isa = XCBuildConfiguration;
			buildSettings = {
				ASSETCATALOG_COMPILER_APPICON_NAME = AppIcon;
				ASSETCATALOG_COMPILER_LAUNCHIMAGE_NAME = LaunchImage;
				INFOPLIST_FILE = editTable/Info.plist;
				IPHONEOS_DEPLOYMENT_TARGET = 7.1;
				LD_RUNPATH_SEARCH_PATHS = "$(inherited) @executable_path/Frameworks";
				PRODUCT_NAME = "$(TARGET_NAME)";
			};
			name = Debug;
		};
		22C6ADFA199F2B3F00D0D5AC /* Release */ = {
			isa = XCBuildConfiguration;
			buildSettings = {
				ASSETCATALOG_COMPILER_APPICON_NAME = AppIcon;
				ASSETCATALOG_COMPILER_LAUNCHIMAGE_NAME = LaunchImage;
				INFOPLIST_FILE = editTable/Info.plist;
				IPHONEOS_DEPLOYMENT_TARGET = 7.1;
				LD_RUNPATH_SEARCH_PATHS = "$(inherited) @executable_path/Frameworks";
				PRODUCT_NAME = "$(TARGET_NAME)";
			};
			name = Release;
		};
		22C6ADFC199F2B3F00D0D5AC /* Debug */ = {
			isa = XCBuildConfiguration;
			buildSettings = {
				BUNDLE_LOADER = "$(TEST_HOST)";
				FRAMEWORK_SEARCH_PATHS = (
					"$(SDKROOT)/Developer/Library/Frameworks",
					"$(inherited)",
				);
				GCC_PREPROCESSOR_DEFINITIONS = (
					"DEBUG=1",
					"$(inherited)",
				);
				INFOPLIST_FILE = editTableTests/Info.plist;
				LD_RUNPATH_SEARCH_PATHS = "$(inherited) @executable_path/Frameworks @loader_path/Frameworks";
				PRODUCT_NAME = "$(TARGET_NAME)";
				TEST_HOST = "$(BUILT_PRODUCTS_DIR)/editTable.app/editTable";
			};
			name = Debug;
		};
		22C6ADFD199F2B3F00D0D5AC /* Release */ = {
			isa = XCBuildConfiguration;
			buildSettings = {
				BUNDLE_LOADER = "$(TEST_HOST)";
				FRAMEWORK_SEARCH_PATHS = (
					"$(SDKROOT)/Developer/Library/Frameworks",
					"$(inherited)",
				);
				INFOPLIST_FILE = editTableTests/Info.plist;
				LD_RUNPATH_SEARCH_PATHS = "$(inherited) @executable_path/Frameworks @loader_path/Frameworks";
				PRODUCT_NAME = "$(TARGET_NAME)";
				TEST_HOST = "$(BUILT_PRODUCTS_DIR)/editTable.app/editTable";
			};
			name = Release;
		};
/* End XCBuildConfiguration section */

/* Begin XCConfigurationList section */
		22C6ADD7199F2B3F00D0D5AC /* Build configuration list for PBXProject "editTable" */ = {
			isa = XCConfigurationList;
			buildConfigurations = (
				22C6ADF6199F2B3F00D0D5AC /* Debug */,
				22C6ADF7199F2B3F00D0D5AC /* Release */,
			);
			defaultConfigurationIsVisible = 0;
			defaultConfigurationName = Release;
		};
		22C6ADF8199F2B3F00D0D5AC /* Build configuration list for PBXNativeTarget "editTable" */ = {
			isa = XCConfigurationList;
			buildConfigurations = (
				22C6ADF9199F2B3F00D0D5AC /* Debug */,
				22C6ADFA199F2B3F00D0D5AC /* Release */,
			);
			defaultConfigurationIsVisible = 0;
		};
		22C6ADFB199F2B3F00D0D5AC /* Build configuration list for PBXNativeTarget "editTableTests" */ = {
			isa = XCConfigurationList;
			buildConfigurations = (
				22C6ADFC199F2B3F00D0D5AC /* Debug */,
				22C6ADFD199F2B3F00D0D5AC /* Release */,
			);
			defaultConfigurationIsVisible = 0;
		};
/* End XCConfigurationList section */
	};
	rootObject = 22C6ADD4199F2B3F00D0D5AC /* Project object */;
}
